
Microsoft Visual Studio Solution File, Format Version 12.00
# Visual Studio Version 17
VisualStudioVersion = 17.5.33530.505
MinimumVisualStudioVersion = 10.0.40219.1
Project("{9A19103F-16F7-4668-BE54-9A1E7A4F7556}") = "AbbyWeb", "AbbyWeb\AbbyWeb.csproj", "{905CEC88-FC08-46E8-A4C7-30C2D63E1248}"
EndProject
Project("{FAE04EC0-301F-11D3-BF4B-00C04F79EFBC}") = "Abby.DataAccess", "Chandan.DataAccess\Abby.DataAccess.csproj", "{D882B3E9-35BC-4729-A94D-C3156A6B4068}"
EndProject
Project("{FAE04EC0-301F-11D3-BF4B-00C04F79EFBC}") = "Abby.Models", "Abby.Models\Abby.Models.csproj", "{53ECD6DF-5E04-4899-A03F-544A68E200B0}"
EndProject
Project("{FAE04EC0-301F-11D3-BF4B-00C04F79EFBC}") = "Abby.Utility", "Abby.Utility\Abby.Utility.csproj", "{2BFF3B2B-0638-4F0E-ABFC-D5B84308A15B}"
EndProject
Global
	GlobalSection(SolutionConfigurationPlatforms) = preSolution
		Debug|Any CPU = Debug|Any CPU
		Release|Any CPU = Release|Any CPU
	EndGlobalSection
	GlobalSection(ProjectConfigurationPlatforms) = postSolution
		{905CEC88-FC08-46E8-A4C7-30C2D63E1248}.Debug|Any CPU.ActiveCfg = Debug|Any CPU
		{905CEC88-FC08-46E8-A4C7-30C2D63E1248}.Debug|Any CPU.Build.0 = Debug|Any CPU
		{905CEC88-FC08-46E8-A4C7-30C2D63E1248}.Release|Any CPU.ActiveCfg = Release|Any CPU
		{905CEC88-FC08-46E8-A4C7-30C2D63E1248}.Release|Any CPU.Build.0 = Release|Any CPU
		{D882B3E9-35BC-4729-A94D-C3156A6B4068}.Debug|Any CPU.ActiveCfg = Debug|Any CPU
		{D882B3E9-35BC-4729-A94D-C3156A6B4068}.Debug|Any CPU.Build.0 = Debug|Any CPU
		{D882B3E9-35BC-4729-A94D-C3156A6B4068}.Release|Any CPU.ActiveCfg = Release|Any CPU
		{D882B3E9-35BC-4729-A94D-C3156A6B4068}.Release|Any CPU.Build.0 = Release|Any CPU
		{53ECD6DF-5E04-4899-A03F-544A68E200B0}.Debug|Any CPU.ActiveCfg = Debug|Any CPU
		{53ECD6DF-5E04-4899-A03F-544A68E200B0}.Debug|Any CPU.Build.0 = Debug|Any CPU
		{53ECD6DF-5E04-4899-A03F-544A68E200B0}.Release|Any CPU.ActiveCfg = Release|Any CPU
		{53ECD6DF-5E04-4899-A03F-544A68E200B0}.Release|Any CPU.Build.0 = Release|Any CPU
		{2BFF3B2B-0638-4F0E-ABFC-D5B84308A15B}.Debug|Any CPU.ActiveCfg = Debug|Any CPU
		{2BFF3B2B-0638-4F0E-ABFC-D5B84308A15B}.Debug|Any CPU.Build.0 = Debug|Any CPU
		{2BFF3B2B-0638-4F0E-ABFC-D5B84308A15B}.Release|Any CPU.ActiveCfg = Release|Any CPU
		{2BFF3B2B-0638-4F0E-ABFC-D5B84308A15B}.Release|Any CPU.Build.0 = Release|Any CPU
	EndGlobalSection
	GlobalSection(SolutionProperties) = preSolution
		HideSolutionNode = FALSE
	EndGlobalSection
	GlobalSection(ExtensibilityGlobals) = postSolution
		SolutionGuid = {240C738F-6BE9-4329-88A6-CE19A1E4EDBF}
	EndGlobalSection
EndGlobal
